// !$*UTF8*$!
{
	archiveVersion = 1;
	classes = {
	};
	objectVersion = 56;
	objects = {

/* Begin PBXBuildFile section */
		BB0000000000000000000201 /* CyclaApp.swift in Sources */ = {isa = PBXBuildFile; fileRef = AA0000000000000000000101 /* CyclaApp.swift */; };
		BB0000000000000000000202 /* Constants.swift in Sources */ = {isa = PBXBuildFile; fileRef = AA0000000000000000000102 /* Constants.swift */; };
		BB0000000000000000000203 /* SubscriptionManager.swift in Sources */ = {isa = PBXBuildFile; fileRef = AA0000000000000000000103 /* SubscriptionManager.swift */; };
		BB0000000000000000000204 /* TrainingPlan.swift in Sources */ = {isa = PBXBuildFile; fileRef = AA0000000000000000000104 /* TrainingPlan.swift */; };
		BB0000000000000000000205 /* ContentView.swift in Sources */ = {isa = PBXBuildFile; fileRef = AA0000000000000000000105 /* ContentView.swift */; };
		BB0000000000000000000206 /* PlansView.swift in Sources */ = {isa = PBXBuildFile; fileRef = AA0000000000000000000106 /* PlansView.swift */; };
		BB0000000000000000000207 /* PlanDetailView.swift in Sources */ = {isa = PBXBuildFile; fileRef = AA0000000000000000000107 /* PlanDetailView.swift */; };
		BB0000000000000000000208 /* ProfileView.swift in Sources */ = {isa = PBXBuildFile; fileRef = AA0000000000000000000108 /* ProfileView.swift */; };
		BB0000000000000000000211 /* NutritionPlan.swift in Sources */ = {isa = PBXBuildFile; fileRef = AA0000000000000000000112 /* NutritionPlan.swift */; };
		BB0000000000000000000212 /* WelcomeOfferView.swift in Sources */ = {isa = PBXBuildFile; fileRef = AA0000000000000000000113 /* WelcomeOfferView.swift */; };
		BB0000000000000000000213 /* CancellationFlowView.swift in Sources */ = {isa = PBXBuildFile; fileRef = AA0000000000000000000114 /* CancellationFlowView.swift */; };
		BB0000000000000000000214 /* NutritionView.swift in Sources */ = {isa = PBXBuildFile; fileRef = AA0000000000000000000115 /* NutritionView.swift */; };
		BB0000000000000000000216 /* MentionMeService.swift in Sources */ = {isa = PBXBuildFile; fileRef = AA0000000000000000000117 /* MentionMeService.swift */; };
		BB0000000000000000000218 /* ReferrerDashboardView.swift in Sources */ = {isa = PBXBuildFile; fileRef = AA0000000000000000000119 /* ReferrerDashboardView.swift */; };
		BB0000000000000000000210 /* Assets.xcassets in Resources */ = {isa = PBXBuildFile; fileRef = AA0000000000000000000110 /* Assets.xcassets */; };
		BC0000000000000000000301 /* RevenueCat in Frameworks */ = {isa = PBXBuildFile; productRef = CC0000000000000000000401 /* RevenueCat */; };
		BC0000000000000000000302 /* RevenueCatUI in Frameworks */ = {isa = PBXBuildFile; productRef = CC0000000000000000000402 /* RevenueCatUI */; };
/* End PBXBuildFile section */

/* Begin PBXFileReference section */
		AA0000000000000000000101 /* CyclaApp.swift */ = {isa = PBXFileReference; lastKnownFileType = sourcecode.swift; path = CyclaApp.swift; sourceTree = "<group>"; };
		AA0000000000000000000102 /* Constants.swift */ = {isa = PBXFileReference; lastKnownFileType = sourcecode.swift; path = Constants.swift; sourceTree = "<group>"; };
		AA0000000000000000000103 /* SubscriptionManager.swift */ = {isa = PBXFileReference; lastKnownFileType = sourcecode.swift; path = SubscriptionManager.swift; sourceTree = "<group>"; };
		AA0000000000000000000104 /* TrainingPlan.swift */ = {isa = PBXFileReference; lastKnownFileType = sourcecode.swift; path = TrainingPlan.swift; sourceTree = "<group>"; };
		AA0000000000000000000105 /* ContentView.swift */ = {isa = PBXFileReference; lastKnownFileType = sourcecode.swift; path = ContentView.swift; sourceTree = "<group>"; };
		AA0000000000000000000106 /* PlansView.swift */ = {isa = PBXFileReference; lastKnownFileType = sourcecode.swift; path = PlansView.swift; sourceTree = "<group>"; };
		AA0000000000000000000107 /* PlanDetailView.swift */ = {isa = PBXFileReference; lastKnownFileType = sourcecode.swift; path = PlanDetailView.swift; sourceTree = "<group>"; };
		AA0000000000000000000108 /* ProfileView.swift */ = {isa = PBXFileReference; lastKnownFileType = sourcecode.swift; path = ProfileView.swift; sourceTree = "<group>"; };
		AA0000000000000000000112 /* NutritionPlan.swift */ = {isa = PBXFileReference; lastKnownFileType = sourcecode.swift; path = NutritionPlan.swift; sourceTree = "<group>"; };
		AA0000000000000000000113 /* WelcomeOfferView.swift */ = {isa = PBXFileReference; lastKnownFileType = sourcecode.swift; path = WelcomeOfferView.swift; sourceTree = "<group>"; };
		AA0000000000000000000114 /* CancellationFlowView.swift */ = {isa = PBXFileReference; lastKnownFileType = sourcecode.swift; path = CancellationFlowView.swift; sourceTree = "<group>"; };
		AA0000000000000000000115 /* NutritionView.swift */ = {isa = PBXFileReference; lastKnownFileType = sourcecode.swift; path = NutritionView.swift; sourceTree = "<group>"; };
		AA0000000000000000000117 /* MentionMeService.swift */ = {isa = PBXFileReference; lastKnownFileType = sourcecode.swift; path = MentionMeService.swift; sourceTree = "<group>"; };
		AA0000000000000000000119 /* ReferrerDashboardView.swift */ = {isa = PBXFileReference; lastKnownFileType = sourcecode.swift; path = ReferrerDashboardView.swift; sourceTree = "<group>"; };
		AA0000000000000000000110 /* Assets.xcassets */ = {isa = PBXFileReference; lastKnownFileType = folder.assetcatalog; path = Assets.xcassets; sourceTree = "<group>"; };
		AA0000000000000000000111 /* Cycla.app */ = {isa = PBXFileReference; explicitFileType = wrapper.application; includeInIndex = 0; path = Cycla.app; sourceTree = BUILT_PRODUCTS_DIR; };
/* End PBXFileReference section */

/* Begin PBXFrameworksBuildPhase section */
		FF0000000000000000001102 /* Frameworks */ = {
			isa = PBXFrameworksBuildPhase;
			buildActionMask = 2147483647;
			files = (
				BC0000000000000000000301 /* RevenueCat in Frameworks */,
				BC0000000000000000000302 /* RevenueCatUI in Frameworks */,
			);
			runOnlyForDeploymentPostprocessing = 0;
		};
/* End PBXFrameworksBuildPhase section */

/* Begin PBXGroup section */
		DD0000000000000000000601 = {
			isa = PBXGroup;
			children = (
				DD0000000000000000000602 /* Cycla */,
				DD0000000000000000000605 /* Products */,
			);
			sourceTree = "<group>";
		};
		DD0000000000000000000602 /* Cycla */ = {
			isa = PBXGroup;
			children = (
				AA0000000000000000000101 /* CyclaApp.swift */,
				AA0000000000000000000102 /* Constants.swift */,
				AA0000000000000000000103 /* SubscriptionManager.swift */,
				AA0000000000000000000117 /* MentionMeService.swift */,
				DD0000000000000000000604 /* Models */,
				DD0000000000000000000603 /* Views */,
				AA0000000000000000000110 /* Assets.xcassets */,
			);
			path = Cycla;
			sourceTree = "<group>";
		};
		DD0000000000000000000603 /* Views */ = {
			isa = PBXGroup;
			children = (
				AA0000000000000000000105 /* ContentView.swift */,
				AA0000000000000000000106 /* PlansView.swift */,
				AA0000000000000000000107 /* PlanDetailView.swift */,
				AA0000000000000000000108 /* ProfileView.swift */,
				AA0000000000000000000113 /* WelcomeOfferView.swift */,
				AA0000000000000000000114 /* CancellationFlowView.swift */,
				AA0000000000000000000115 /* NutritionView.swift */,
				AA0000000000000000000119 /* ReferrerDashboardView.swift */,
			);
			path = Views;
			sourceTree = "<group>";
		};
		DD0000000000000000000604 /* Models */ = {
			isa = PBXGroup;
			children = (
				AA0000000000000000000104 /* TrainingPlan.swift */,
				AA0000000000000000000112 /* NutritionPlan.swift */,
			);
			path = Models;
			sourceTree = "<group>";
		};
		DD0000000000000000000605 /* Products */ = {
			isa = PBXGroup;
			children = (
				AA0000000000000000000111 /* Cycla.app */,
			);
			name = Products;
			sourceTree = "<group>";
		};
/* End PBXGroup section */

/* Begin PBXNativeTarget section */
		EE0000000000000000000701 /* Cycla */ = {
			isa = PBXNativeTarget;
			buildConfigurationList = EE0000000000000000000902 /* Build configuration list for PBXNativeTarget "Cycla" */;
			buildPhases = (
				FF0000000000000000001101 /* Sources */,
				FF0000000000000000001102 /* Frameworks */,
				FF0000000000000000001103 /* Resources */,
			);
			buildRules = (
			);
			dependencies = (
			);
			name = Cycla;
			packageProductDependencies = (
				CC0000000000000000000401 /* RevenueCat */,
				CC0000000000000000000402 /* RevenueCatUI */,
			);
			productName = Cycla;
			productReference = AA0000000000000000000111 /* Cycla.app */;
			productType = "com.apple.product-type.application";
		};
/* End PBXNativeTarget section */

/* Begin PBXProject section */
		EE0000000000000000000801 /* Project object */ = {
			isa = PBXProject;
			attributes = {
				BuildIndependentTargetsInParallel = 1;
				LastSwiftUpdateCheck = 1600;
				LastUpgradeCheck = 1600;
				TargetAttributes = {
					EE0000000000000000000701 = {
						CreatedOnToolsVersion = 16.0;
					};
				};
			};
			buildConfigurationList = EE0000000000000000000901 /* Build configuration list for PBXProject "Cycla" */;
			compatibilityVersion = "Xcode 14.0";
			developmentRegion = en;
			hasScannedForEncodings = 0;
			knownRegions = (
				en,
				Base,
			);
			mainGroup = DD0000000000000000000601;
			packageReferences = (
				CD0000000000000000000501 /* XCRemoteSwiftPackageReference "purchases-ios-spm" */,
			);
			productRefGroup = DD0000000000000000000605 /* Products */;
			projectDirPath = "";
			projectRoot = "";
			targets = (
				EE0000000000000000000701 /* Cycla */,
			);
		};
/* End PBXProject section */

/* Begin PBXResourcesBuildPhase section */
		FF0000000000000000001103 /* Resources */ = {
			isa = PBXResourcesBuildPhase;
			buildActionMask = 2147483647;
			files = (
				BB0000000000000000000210 /* Assets.xcassets in Resources */,
			);
			runOnlyForDeploymentPostprocessing = 0;
		};
/* End PBXResourcesBuildPhase section */

/* Begin PBXSourcesBuildPhase section */
		FF0000000000000000001101 /* Sources */ = {
			isa = PBXSourcesBuildPhase;
			buildActionMask = 2147483647;
			files = (
				BB0000000000000000000205 /* ContentView.swift in Sources */,
				BB0000000000000000000206 /* PlansView.swift in Sources */,
				BB0000000000000000000207 /* PlanDetailView.swift in Sources */,
				BB0000000000000000000208 /* ProfileView.swift in Sources */,
				BB0000000000000000000211 /* NutritionPlan.swift in Sources */,
				BB0000000000000000000212 /* WelcomeOfferView.swift in Sources */,
				BB0000000000000000000213 /* CancellationFlowView.swift in Sources */,
				BB0000000000000000000214 /* NutritionView.swift in Sources */,
				BB0000000000000000000216 /* MentionMeService.swift in Sources */,
				BB0000000000000000000218 /* ReferrerDashboardView.swift in Sources */,
				BB0000000000000000000204 /* TrainingPlan.swift in Sources */,
				BB0000000000000000000203 /* SubscriptionManager.swift in Sources */,
				BB0000000000000000000202 /* Constants.swift in Sources */,
				BB0000000000000000000201 /* CyclaApp.swift in Sources */,
			);
			runOnlyForDeploymentPostprocessing = 0;
		};
/* End PBXSourcesBuildPhase section */

/* Begin XCBuildConfiguration section */
		FF0000000000000000001001 /* Debug */ = {
			isa = XCBuildConfiguration;
			buildSettings = {
				ALWAYS_SEARCH_USER_PATHS = NO;
				ASSETCATALOG_COMPILER_GENERATE_SWIFT_ASSET_SYMBOL_EXTENSIONS = YES;
				CLANG_ANALYZER_NONNULL = YES;
				CLANG_ANALYZER_NUMBER_OBJECT_CONVERSION = YES_AGGRESSIVE;
				CLANG_CXX_LANGUAGE_STANDARD = "gnu++20";
				CLANG_ENABLE_MODULES = YES;
				CLANG_ENABLE_OBJC_ARC = YES;
				CLANG_ENABLE_OBJC_WEAK = YES;
				CLANG_WARN_BLOCK_CAPTURE_AUTORELEASING = YES;
				CLANG_WARN_BOOL_CONVERSION = YES;
				CLANG_WARN_COMMA = YES;
				CLANG_WARN_CONSTANT_CONVERSION = YES;
				CLANG_WARN_DEPRECATED_OBJC_IMPLEMENTATIONS = YES;
				CLANG_WARN_DIRECT_OBJC_ISA_USAGE = YES_ERROR;
				CLANG_WARN_DOCUMENTATION_COMMENTS = YES;
				CLANG_WARN_EMPTY_BODY = YES;
				CLANG_WARN_ENUM_CONVERSION = YES;
				CLANG_WARN_INFINITE_RECURSION = YES;
				CLANG_WARN_INT_CONVERSION = YES;
				CLANG_WARN_NON_LITERAL_NULL_CONVERSION = YES;
				CLANG_WARN_OBJC_IMPLICIT_RETAIN_SELF = YES;
				CLANG_WARN_OBJC_LITERAL_CONVERSION = YES;
				CLANG_WARN_OBJC_ROOT_CLASS = YES_ERROR;
				CLANG_WARN_QUOTED_INCLUDE_IN_FRAMEWORK_HEADER = YES;
				CLANG_WARN_RANGE_LOOP_ANALYSIS = YES;
				CLANG_WARN_STRICT_PROTOTYPES = YES;
				CLANG_WARN_SUSPICIOUS_MOVE = YES;
				CLANG_WARN_UNGUARDED_AVAILABILITY = YES_AGGRESSIVE;
				CLANG_WARN_UNREACHABLE_CODE = YES;
				CLANG_WARN__DUPLICATE_METHOD_MATCH = YES;
				COPY_PHASE_STRIP = NO;
				DEBUG_INFORMATION_FORMAT = dwarf;
				ENABLE_STRICT_OBJC_MSGSEND = YES;
				ENABLE_TESTABILITY = YES;
				ENABLE_USER_SCRIPT_SANDBOXING = YES;
				GCC_C_LANGUAGE_STANDARD = gnu17;
				GCC_DYNAMIC_NO_PIC = NO;
				GCC_NO_COMMON_BLOCKS = YES;
				GCC_OPTIMIZATION_LEVEL = 0;
				GCC_PREPROCESSOR_DEFINITIONS = (
					"DEBUG=1",
					"$(inherited)",
				);
				GCC_WARN_64_TO_32_BIT_CONVERSION = YES;
				GCC_WARN_ABOUT_RETURN_TYPE = YES_ERROR;
				GCC_WARN_UNDECLARED_SELECTOR = YES;
				GCC_WARN_UNINITIALIZED_AUTOS = YES_AGGRESSIVE;
				GCC_WARN_UNUSED_FUNCTION = YES;
				GCC_WARN_UNUSED_VARIABLE = YES;
				IPHONEOS_DEPLOYMENT_TARGET = 17.0;
				LOCALIZATION_PREFERS_STRING_CATALOGS = YES;
				MTL_ENABLE_DEBUG_INFO = INCLUDE_SOURCE;
				MTL_FAST_MATH = YES;
				ONLY_ACTIVE_ARCH = YES;
				SDKROOT = iphoneos;
				SWIFT_ACTIVE_COMPILATION_CONDITIONS = "DEBUG $(inherited)";
				SWIFT_OPTIMIZATION_LEVEL = "-Onone";
			};
			name = Debug;
		};
		FF0000000000000000001002 /* Release */ = {
			isa = XCBuildConfiguration;
			buildSettings = {
				ALWAYS_SEARCH_USER_PATHS = NO;
				ASSETCATALOG_COMPILER_GENERATE_SWIFT_ASSET_SYMBOL_EXTENSIONS = YES;
				CLANG_ANALYZER_NONNULL = YES;
				CLANG_ANALYZER_NUMBER_OBJECT_CONVERSION = YES_AGGRESSIVE;
				CLANG_CXX_LANGUAGE_STANDARD = "gnu++20";
				CLANG_ENABLE_MODULES = YES;
				CLANG_ENABLE_OBJC_ARC = YES;
				CLANG_ENABLE_OBJC_WEAK = YES;
				CLANG_WARN_BLOCK_CAPTURE_AUTORELEASING = YES;
				CLANG_WARN_BOOL_CONVERSION = YES;
				CLANG_WARN_COMMA = YES;
				CLANG_WARN_CONSTANT_CONVERSION = YES;
				CLANG_WARN_DEPRECATED_OBJC_IMPLEMENTATIONS = YES;
				CLANG_WARN_DIRECT_OBJC_ISA_USAGE = YES_ERROR;
				CLANG_WARN_DOCUMENTATION_COMMENTS = YES;
				CLANG_WARN_EMPTY_BODY = YES;
				CLANG_WARN_ENUM_CONVERSION = YES;
				CLANG_WARN_INFINITE_RECURSION = YES;
				CLANG_WARN_INT_CONVERSION = YES;
				CLANG_WARN_NON_LITERAL_NULL_CONVERSION = YES;
				CLANG_WARN_OBJC_IMPLICIT_RETAIN_SELF = YES;
				CLANG_WARN_OBJC_LITERAL_CONVERSION = YES;
				CLANG_WARN_OBJC_ROOT_CLASS = YES_ERROR;
				CLANG_WARN_QUOTED_INCLUDE_IN_FRAMEWORK_HEADER = YES;
				CLANG_WARN_RANGE_LOOP_ANALYSIS = YES;
				CLANG_WARN_STRICT_PROTOTYPES = YES;
				CLANG_WARN_SUSPICIOUS_MOVE = YES;
				CLANG_WARN_UNGUARDED_AVAILABILITY = YES_AGGRESSIVE;
				CLANG_WARN_UNREACHABLE_CODE = YES;
				CLANG_WARN__DUPLICATE_METHOD_MATCH = YES;
				COPY_PHASE_STRIP = NO;
				DEBUG_INFORMATION_FORMAT = "dwarf-with-dsym";
				ENABLE_NS_ASSERTIONS = NO;
				ENABLE_STRICT_OBJC_MSGSEND = YES;
				ENABLE_USER_SCRIPT_SANDBOXING = YES;
				GCC_C_LANGUAGE_STANDARD = gnu17;
				GCC_NO_COMMON_BLOCKS = YES;
				GCC_WARN_64_TO_32_BIT_CONVERSION = YES;
				GCC_WARN_ABOUT_RETURN_TYPE = YES_ERROR;
				GCC_WARN_UNDECLARED_SELECTOR = YES;
				GCC_WARN_UNINITIALIZED_AUTOS = YES_AGGRESSIVE;
				GCC_WARN_UNUSED_FUNCTION = YES;
				GCC_WARN_UNUSED_VARIABLE = YES;
				IPHONEOS_DEPLOYMENT_TARGET = 17.0;
				LOCALIZATION_PREFERS_STRING_CATALOGS = YES;
				MTL_ENABLE_DEBUG_INFO = NO;
				MTL_FAST_MATH = YES;
				SDKROOT = iphoneos;
				SWIFT_COMPILATION_MODE = wholemodule;
				VALIDATE_PRODUCT = YES;
			};
			name = Release;
		};
		FF0000000000000000001003 /* Debug */ = {
			isa = XCBuildConfiguration;
			buildSettings = {
				ASSETCATALOG_COMPILER_APPICON_NAME = AppIcon;
				ASSETCATALOG_COMPILER_GLOBAL_ACCENT_COLOR_NAME = AccentColor;
				CODE_SIGN_STYLE = Automatic;
				CURRENT_PROJECT_VERSION = 1;
				ENABLE_PREVIEWS = YES;
				GENERATE_INFOPLIST_FILE = YES;
				INFOPLIST_KEY_UIApplicationSceneManifest_Generation = YES;
				INFOPLIST_KEY_UIApplicationSupportsIndirectInputEvents = YES;
				INFOPLIST_KEY_UILaunchScreen_Generation = YES;
				INFOPLIST_KEY_UISupportedInterfaceOrientations_iPad = "UIInterfaceOrientationPortrait UIInterfaceOrientationPortraitUpsideDown UIInterfaceOrientationLandscapeLeft UIInterfaceOrientationLandscapeRight";
				INFOPLIST_KEY_UISupportedInterfaceOrientations_iPhone = "UIInterfaceOrientationPortrait UIInterfaceOrientationLandscapeLeft UIInterfaceOrientationLandscapeRight";
				LD_RUNPATH_SEARCH_PATHS = (
					"$(inherited)",
					"@executable_path/Frameworks",
				);
				MARKETING_VERSION = 1.0;
				PRODUCT_BUNDLE_IDENTIFIER = com.cycla.demo;
				PRODUCT_NAME = "$(TARGET_NAME)";
				SWIFT_EMIT_LOC_STRINGS = YES;
				SWIFT_VERSION = 5.0;
				TARGETED_DEVICE_FAMILY = "1,2";
			};
			name = Debug;
		};
		FF0000000000000000001004 /* Release */ = {
			isa = XCBuildConfiguration;
			buildSettings = {
				ASSETCATALOG_COMPILER_APPICON_NAME = AppIcon;
				ASSETCATALOG_COMPILER_GLOBAL_ACCENT_COLOR_NAME = AccentColor;
				CODE_SIGN_STYLE = Automatic;
				CURRENT_PROJECT_VERSION = 1;
				ENABLE_PREVIEWS = YES;
				GENERATE_INFOPLIST_FILE = YES;
				INFOPLIST_KEY_UIApplicationSceneManifest_Generation = YES;
				INFOPLIST_KEY_UIApplicationSupportsIndirectInputEvents = YES;
				INFOPLIST_KEY_UILaunchScreen_Generation = YES;
				INFOPLIST_KEY_UISupportedInterfaceOrientations_iPad = "UIInterfaceOrientationPortrait UIInterfaceOrientationPortraitUpsideDown UIInterfaceOrientationLandscapeLeft UIInterfaceOrientationLandscapeRight";
				INFOPLIST_KEY_UISupportedInterfaceOrientations_iPhone = "UIInterfaceOrientationPortrait UIInterfaceOrientationLandscapeLeft UIInterfaceOrientationLandscapeRight";
				LD_RUNPATH_SEARCH_PATHS = (
					"$(inherited)",
					"@executable_path/Frameworks",
				);
				MARKETING_VERSION = 1.0;
				PRODUCT_BUNDLE_IDENTIFIER = com.cycla.demo;
				PRODUCT_NAME = "$(TARGET_NAME)";
				SWIFT_EMIT_LOC_STRINGS = YES;
				SWIFT_VERSION = 5.0;
				TARGETED_DEVICE_FAMILY = "1,2";
			};
			name = Release;
		};
/* End XCBuildConfiguration section */

/* Begin XCConfigurationList section */
		EE0000000000000000000901 /* Build configuration list for PBXProject "Cycla" */ = {
			isa = XCConfigurationList;
			buildConfigurations = (
				FF0000000000000000001001 /* Debug */,
				FF0000000000000000001002 /* Release */,
			);
			defaultConfigurationIsVisible = 0;
			defaultConfigurationName = Release;
		};
		EE0000000000000000000902 /* Build configuration list for PBXNativeTarget "Cycla" */ = {
			isa = XCConfigurationList;
			buildConfigurations = (
				FF0000000000000000001003 /* Debug */,
				FF0000000000000000001004 /* Release */,
			);
			defaultConfigurationIsVisible = 0;
			defaultConfigurationName = Release;
		};
/* End XCConfigurationList section */

/* Begin XCRemoteSwiftPackageReference section */
		CD0000000000000000000501 /* XCRemoteSwiftPackageReference "purchases-ios-spm" */ = {
			isa = XCRemoteSwiftPackageReference;
			repositoryURL = "https://github.com/RevenueCat/purchases-ios-spm.git";
			requirement = {
				kind = upToNextMajorVersion;
				minimumVersion = 5.80.3;
			};
		};
/* End XCRemoteSwiftPackageReference section */

/* Begin XCSwiftPackageProductDependency section */
		CC0000000000000000000401 /* RevenueCat */ = {
			isa = XCSwiftPackageProductDependency;
			package = CD0000000000000000000501 /* XCRemoteSwiftPackageReference "purchases-ios-spm" */;
			productName = RevenueCat;
		};
		CC0000000000000000000402 /* RevenueCatUI */ = {
			isa = XCSwiftPackageProductDependency;
			package = CD0000000000000000000501 /* XCRemoteSwiftPackageReference "purchases-ios-spm" */;
			productName = RevenueCatUI;
		};
/* End XCSwiftPackageProductDependency section */
	};
	rootObject = EE0000000000000000000801 /* Project object */;
}
